
Microsoft Visual Studio Solution File, Format Version 12.00
# Visual Studio Version 16
VisualStudioVersion = 16.0.30804.86
MinimumVisualStudioVersion = 10.0.40219.1
Project("{888888A0-9F3D-457C-B088-3A5042F75D52}") = "NationalSecurityArms", "NationalSecurityArms\NationalSecurityArms.pyproj", "{475D020C-4514-46A9-B4E5-1EE12366DE2C}"
EndProject
Global
	GlobalSection(SolutionConfigurationPlatforms) = preSolution
		Debug|Any CPU = Debug|Any CPU
		Release|Any CPU = Release|Any CPU
	EndGlobalSection
	GlobalSection(ProjectConfigurationPlatforms) = postSolution
		{475D020C-4514-46A9-B4E5-1EE12366DE2C}.Debug|Any CPU.ActiveCfg = Debug|Any CPU
		{475D020C-4514-46A9-B4E5-1EE12366DE2C}.Debug|Any CPU.Build.0 = Debug|Any CPU
		{475D020C-4514-46A9-B4E5-1EE12366DE2C}.Release|Any CPU.ActiveCfg = Release|Any CPU
		{475D020C-4514-46A9-B4E5-1EE12366DE2C}.Release|Any CPU.Build.0 = Release|Any CPU
	EndGlobalSection
	GlobalSection(SolutionProperties) = preSolution
		HideSolutionNode = FALSE
	EndGlobalSection
	GlobalSection(ExtensibilityGlobals) = postSolution
		SolutionGuid = {188C22B9-7C35-45EB-ADC3-4696872658CA}
	EndGlobalSection
EndGlobal
